
Microsoft Visual Studio Solution File, Format Version 12.00
# Visual Studio 15
VisualStudioVersion = 15.0.28307.757
MinimumVisualStudioVersion = 10.0.40219.1
Project("{8BC9CEB8-8B4A-11D0-8D11-00A0C91BC942}") = "fore-game", "fore-game\fore-game.vcxproj", "{B127A127-552C-44AA-841D-69EF9FB4DA5A}"
EndProject
Global
	GlobalSection(SolutionConfigurationPlatforms) = preSolution
		Debug|x64 = Debug|x64
		Debug|x86 = Debug|x86
		Release|x64 = Release|x64
		Release|x86 = Release|x86
	EndGlobalSection
	GlobalSection(ProjectConfigurationPlatforms) = postSolution
		{B127A127-552C-44AA-841D-69EF9FB4DA5A}.Debug|x64.ActiveCfg = Debug|x64
		{B127A127-552C-44AA-841D-69EF9FB4DA5A}.Debug|x64.Build.0 = Debug|x64
		{B127A127-552C-44AA-841D-69EF9FB4DA5A}.Debug|x86.ActiveCfg = Debug|Win32
		{B127A127-552C-44AA-841D-69EF9FB4DA5A}.Debug|x86.Build.0 = Debug|Win32
		{B127A127-552C-44AA-841D-69EF9FB4DA5A}.Release|x64.ActiveCfg = Release|x64
		{B127A127-552C-44AA-841D-69EF9FB4DA5A}.Release|x64.Build.0 = Release|x64
		{B127A127-552C-44AA-841D-69EF9FB4DA5A}.Release|x86.ActiveCfg = Release|Win32
		{B127A127-552C-44AA-841D-69EF9FB4DA5A}.Release|x86.Build.0 = Release|Win32
	EndGlobalSection
	GlobalSection(SolutionProperties) = preSolution
		HideSolutionNode = FALSE
	EndGlobalSection
	GlobalSection(ExtensibilityGlobals) = postSolution
		SolutionGuid = {4332C599-6091-4DEB-A641-59547FC4BBBA}
	EndGlobalSection
EndGlobal
